// !$*UTF8*$!
{
	archiveVersion = 1;
	classes = {
	};
	objectVersion = 50;
	objects = {

/* Begin PBXBuildFile section */
		0F105D522236B84C00F6FBF4 /* ApiManager.swift in Sources */ = {isa = PBXBuildFile; fileRef = 0F105D512236B84C00F6FBF4 /* ApiManager.swift */; };
		0F105D552236D4E100F6FBF4 /* UsersDTO.swift in Sources */ = {isa = PBXBuildFile; fileRef = 0F105D542236D4E100F6FBF4 /* UsersDTO.swift */; };
		0F105D572236D4FF00F6FBF4 /* InfoDTO.swift in Sources */ = {isa = PBXBuildFile; fileRef = 0F105D562236D4FF00F6FBF4 /* InfoDTO.swift */; };
		0F105D592236D50F00F6FBF4 /* UserDTO.swift in Sources */ = {isa = PBXBuildFile; fileRef = 0F105D582236D50F00F6FBF4 /* UserDTO.swift */; };
		0F105D5B2236D53A00F6FBF4 /* DobDTO.swift in Sources */ = {isa = PBXBuildFile; fileRef = 0F105D5A2236D53A00F6FBF4 /* DobDTO.swift */; };
		0F105D672236D5D900F6FBF4 /* NameDTO.swift in Sources */ = {isa = PBXBuildFile; fileRef = 0F105D662236D5D900F6FBF4 /* NameDTO.swift */; };
		0F105D692236D5EB00F6FBF4 /* PictureDTO.swift in Sources */ = {isa = PBXBuildFile; fileRef = 0F105D682236D5EB00F6FBF4 /* PictureDTO.swift */; };
		0FC3285A22396FF2009E3700 /* UsersViewController.swift in Sources */ = {isa = PBXBuildFile; fileRef = 0FC3285922396FF2009E3700 /* UsersViewController.swift */; };
		0FDE6BB4223AAA4D00B126FA /* UsersTableViewCell.swift in Sources */ = {isa = PBXBuildFile; fileRef = 0FDE6BB3223AAA4D00B126FA /* UsersTableViewCell.swift */; };
		0FDE6BB7223AB7FA00B126FA /* loading_animation.json in Resources */ = {isa = PBXBuildFile; fileRef = 0FDE6BB6223AB7FA00B126FA /* loading_animation.json */; };
		0FDE6BBD223AC26100B126FA /* CoordinatesDTO.swift in Sources */ = {isa = PBXBuildFile; fileRef = 0FDE6BB8223AC26000B126FA /* CoordinatesDTO.swift */; };
		0FDE6BBE223AC26100B126FA /* LoginDTO.swift in Sources */ = {isa = PBXBuildFile; fileRef = 0FDE6BB9223AC26000B126FA /* LoginDTO.swift */; };
		0FDE6BBF223AC26100B126FA /* TimezonDTO.swift in Sources */ = {isa = PBXBuildFile; fileRef = 0FDE6BBA223AC26000B126FA /* TimezonDTO.swift */; };
		0FDE6BC0223AC26100B126FA /* LocationDTO.swift in Sources */ = {isa = PBXBuildFile; fileRef = 0FDE6BBB223AC26100B126FA /* LocationDTO.swift */; };
		0FDE6BC1223AC26100B126FA /* IdDTO.swift in Sources */ = {isa = PBXBuildFile; fileRef = 0FDE6BBC223AC26100B126FA /* IdDTO.swift */; };
		0FDE6BC5223AD0DD00B126FA /* UserDetailViewController.swift in Sources */ = {isa = PBXBuildFile; fileRef = 0FDE6BC4223AD0DD00B126FA /* UserDetailViewController.swift */; };
		0FF9570022368D1600B43EC3 /* AppDelegate.swift in Sources */ = {isa = PBXBuildFile; fileRef = 0FF956FF22368D1600B43EC3 /* AppDelegate.swift */; };
		0FF9570722368D1700B43EC3 /* Assets.xcassets in Resources */ = {isa = PBXBuildFile; fileRef = 0FF9570622368D1700B43EC3 /* Assets.xcassets */; };
		0FF9570A22368D1700B43EC3 /* LaunchScreen.storyboard in Resources */ = {isa = PBXBuildFile; fileRef = 0FF9570822368D1700B43EC3 /* LaunchScreen.storyboard */; };
		0FF9571E22368FD400B43EC3 /* TeachersViewController.swift in Sources */ = {isa = PBXBuildFile; fileRef = 0FF9571A22368FD400B43EC3 /* TeachersViewController.swift */; };
		0FF9571F22368FD400B43EC3 /* StudentsViewController.swift in Sources */ = {isa = PBXBuildFile; fileRef = 0FF9571B22368FD400B43EC3 /* StudentsViewController.swift */; };
		0FF9572022368FD400B43EC3 /* SubjectViewController.swift in Sources */ = {isa = PBXBuildFile; fileRef = 0FF9571C22368FD400B43EC3 /* SubjectViewController.swift */; };
		0FF9572122368FD400B43EC3 /* MarksViewController.swift in Sources */ = {isa = PBXBuildFile; fileRef = 0FF9571D22368FD400B43EC3 /* MarksViewController.swift */; };
		0FF957242236903F00B43EC3 /* Main.storyboard in Resources */ = {isa = PBXBuildFile; fileRef = 0FF957222236903F00B43EC3 /* Main.storyboard */; };
		0FF957292236906D00B43EC3 /* TeacherTableViewCell.swift in Sources */ = {isa = PBXBuildFile; fileRef = 0FF957252236906D00B43EC3 /* TeacherTableViewCell.swift */; };
		0FF9572A2236906D00B43EC3 /* SubjectTableViewCell.swift in Sources */ = {isa = PBXBuildFile; fileRef = 0FF957262236906D00B43EC3 /* SubjectTableViewCell.swift */; };
		0FF9572B2236906D00B43EC3 /* MarkTableViewCell.swift in Sources */ = {isa = PBXBuildFile; fileRef = 0FF957272236906D00B43EC3 /* MarkTableViewCell.swift */; };
		0FF9572C2236906D00B43EC3 /* StudentTableViewCell.swift in Sources */ = {isa = PBXBuildFile; fileRef = 0FF957282236906D00B43EC3 /* StudentTableViewCell.swift */; };
		0FF9572E2236909300B43EC3 /* SampleDataManager.swift in Sources */ = {isa = PBXBuildFile; fileRef = 0FF9572D2236909300B43EC3 /* SampleDataManager.swift */; };
		0FF95733223690A300B43EC3 /* Student.swift in Sources */ = {isa = PBXBuildFile; fileRef = 0FF9572F223690A300B43EC3 /* Student.swift */; };
		0FF95734223690A300B43EC3 /* Subject.swift in Sources */ = {isa = PBXBuildFile; fileRef = 0FF95730223690A300B43EC3 /* Subject.swift */; };
		0FF95735223690A300B43EC3 /* Mark.swift in Sources */ = {isa = PBXBuildFile; fileRef = 0FF95731223690A300B43EC3 /* Mark.swift */; };
		0FF95736223690A300B43EC3 /* Teacher.swift in Sources */ = {isa = PBXBuildFile; fileRef = 0FF95732223690A300B43EC3 /* Teacher.swift */; };
		68E782D5FB06B728D2216CB8 /* Pods_iOSClassCode.framework in Frameworks */ = {isa = PBXBuildFile; fileRef = 51C20D96E429948661BDE403 /* Pods_iOSClassCode.framework */; };
/* End PBXBuildFile section */

/* Begin PBXFileReference section */
		0F105D512236B84C00F6FBF4 /* ApiManager.swift */ = {isa = PBXFileReference; lastKnownFileType = sourcecode.swift; path = ApiManager.swift; sourceTree = "<group>"; };
		0F105D542236D4E100F6FBF4 /* UsersDTO.swift */ = {isa = PBXFileReference; lastKnownFileType = sourcecode.swift; path = UsersDTO.swift; sourceTree = "<group>"; };
		0F105D562236D4FF00F6FBF4 /* InfoDTO.swift */ = {isa = PBXFileReference; lastKnownFileType = sourcecode.swift; path = InfoDTO.swift; sourceTree = "<group>"; };
		0F105D582236D50F00F6FBF4 /* UserDTO.swift */ = {isa = PBXFileReference; lastKnownFileType = sourcecode.swift; path = UserDTO.swift; sourceTree = "<group>"; };
		0F105D5A2236D53A00F6FBF4 /* DobDTO.swift */ = {isa = PBXFileReference; lastKnownFileType = sourcecode.swift; path = DobDTO.swift; sourceTree = "<group>"; };
		0F105D662236D5D900F6FBF4 /* NameDTO.swift */ = {isa = PBXFileReference; lastKnownFileType = sourcecode.swift; path = NameDTO.swift; sourceTree = "<group>"; };
		0F105D682236D5EB00F6FBF4 /* PictureDTO.swift */ = {isa = PBXFileReference; lastKnownFileType = sourcecode.swift; path = PictureDTO.swift; sourceTree = "<group>"; };
		0FC3285922396FF2009E3700 /* UsersViewController.swift */ = {isa = PBXFileReference; lastKnownFileType = sourcecode.swift; path = UsersViewController.swift; sourceTree = "<group>"; };
		0FDE6BB3223AAA4D00B126FA /* UsersTableViewCell.swift */ = {isa = PBXFileReference; lastKnownFileType = sourcecode.swift; path = UsersTableViewCell.swift; sourceTree = "<group>"; };
		0FDE6BB6223AB7FA00B126FA /* loading_animation.json */ = {isa = PBXFileReference; fileEncoding = 4; lastKnownFileType = text.json; path = loading_animation.json; sourceTree = "<group>"; };
		0FDE6BB8223AC26000B126FA /* CoordinatesDTO.swift */ = {isa = PBXFileReference; fileEncoding = 4; lastKnownFileType = sourcecode.swift; path = CoordinatesDTO.swift; sourceTree = "<group>"; };
		0FDE6BB9223AC26000B126FA /* LoginDTO.swift */ = {isa = PBXFileReference; fileEncoding = 4; lastKnownFileType = sourcecode.swift; path = LoginDTO.swift; sourceTree = "<group>"; };
		0FDE6BBA223AC26000B126FA /* TimezonDTO.swift */ = {isa = PBXFileReference; fileEncoding = 4; lastKnownFileType = sourcecode.swift; path = TimezonDTO.swift; sourceTree = "<group>"; };
		0FDE6BBB223AC26100B126FA /* LocationDTO.swift */ = {isa = PBXFileReference; fileEncoding = 4; lastKnownFileType = sourcecode.swift; path = LocationDTO.swift; sourceTree = "<group>"; };
		0FDE6BBC223AC26100B126FA /* IdDTO.swift */ = {isa = PBXFileReference; fileEncoding = 4; lastKnownFileType = sourcecode.swift; path = IdDTO.swift; sourceTree = "<group>"; };
		0FDE6BC4223AD0DD00B126FA /* UserDetailViewController.swift */ = {isa = PBXFileReference; lastKnownFileType = sourcecode.swift; path = UserDetailViewController.swift; sourceTree = "<group>"; };
		0FF956FC22368D1600B43EC3 /* iOSClassCode.app */ = {isa = PBXFileReference; explicitFileType = wrapper.application; includeInIndex = 0; path = iOSClassCode.app; sourceTree = BUILT_PRODUCTS_DIR; };
		0FF956FF22368D1600B43EC3 /* AppDelegate.swift */ = {isa = PBXFileReference; lastKnownFileType = sourcecode.swift; path = AppDelegate.swift; sourceTree = "<group>"; };
		0FF9570622368D1700B43EC3 /* Assets.xcassets */ = {isa = PBXFileReference; lastKnownFileType = folder.assetcatalog; path = Assets.xcassets; sourceTree = "<group>"; };
		0FF9570922368D1700B43EC3 /* Base */ = {isa = PBXFileReference; lastKnownFileType = file.storyboard; name = Base; path = Base.lproj/LaunchScreen.storyboard; sourceTree = "<group>"; };
		0FF9570B22368D1700B43EC3 /* Info.plist */ = {isa = PBXFileReference; lastKnownFileType = text.plist.xml; path = Info.plist; sourceTree = "<group>"; };
		0FF9571A22368FD400B43EC3 /* TeachersViewController.swift */ = {isa = PBXFileReference; fileEncoding = 4; lastKnownFileType = sourcecode.swift; path = TeachersViewController.swift; sourceTree = "<group>"; };
		0FF9571B22368FD400B43EC3 /* StudentsViewController.swift */ = {isa = PBXFileReference; fileEncoding = 4; lastKnownFileType = sourcecode.swift; path = StudentsViewController.swift; sourceTree = "<group>"; };
		0FF9571C22368FD400B43EC3 /* SubjectViewController.swift */ = {isa = PBXFileReference; fileEncoding = 4; lastKnownFileType = sourcecode.swift; path = SubjectViewController.swift; sourceTree = "<group>"; };
		0FF9571D22368FD400B43EC3 /* MarksViewController.swift */ = {isa = PBXFileReference; fileEncoding = 4; lastKnownFileType = sourcecode.swift; path = MarksViewController.swift; sourceTree = "<group>"; };
		0FF957232236903F00B43EC3 /* Base */ = {isa = PBXFileReference; lastKnownFileType = file.storyboard; name = Base; path = Base.lproj/Main.storyboard; sourceTree = "<group>"; };
		0FF957252236906D00B43EC3 /* TeacherTableViewCell.swift */ = {isa = PBXFileReference; fileEncoding = 4; lastKnownFileType = sourcecode.swift; path = TeacherTableViewCell.swift; sourceTree = "<group>"; };
		0FF957262236906D00B43EC3 /* SubjectTableViewCell.swift */ = {isa = PBXFileReference; fileEncoding = 4; lastKnownFileType = sourcecode.swift; path = SubjectTableViewCell.swift; sourceTree = "<group>"; };
		0FF957272236906D00B43EC3 /* MarkTableViewCell.swift */ = {isa = PBXFileReference; fileEncoding = 4; lastKnownFileType = sourcecode.swift; path = MarkTableViewCell.swift; sourceTree = "<group>"; };
		0FF957282236906D00B43EC3 /* StudentTableViewCell.swift */ = {isa = PBXFileReference; fileEncoding = 4; lastKnownFileType = sourcecode.swift; path = StudentTableViewCell.swift; sourceTree = "<group>"; };
		0FF9572D2236909300B43EC3 /* SampleDataManager.swift */ = {isa = PBXFileReference; fileEncoding = 4; lastKnownFileType = sourcecode.swift; path = SampleDataManager.swift; sourceTree = "<group>"; };
		0FF9572F223690A300B43EC3 /* Student.swift */ = {isa = PBXFileReference; fileEncoding = 4; lastKnownFileType = sourcecode.swift; path = Student.swift; sourceTree = "<group>"; };
		0FF95730223690A300B43EC3 /* Subject.swift */ = {isa = PBXFileReference; fileEncoding = 4; lastKnownFileType = sourcecode.swift; path = Subject.swift; sourceTree = "<group>"; };
		0FF95731223690A300B43EC3 /* Mark.swift */ = {isa = PBXFileReference; fileEncoding = 4; lastKnownFileType = sourcecode.swift; path = Mark.swift; sourceTree = "<group>"; };
		0FF95732223690A300B43EC3 /* Teacher.swift */ = {isa = PBXFileReference; fileEncoding = 4; lastKnownFileType = sourcecode.swift; path = Teacher.swift; sourceTree = "<group>"; };
		51C20D96E429948661BDE403 /* Pods_iOSClassCode.framework */ = {isa = PBXFileReference; explicitFileType = wrapper.framework; includeInIndex = 0; path = Pods_iOSClassCode.framework; sourceTree = BUILT_PRODUCTS_DIR; };
		6E55AC694210B966B7FB7953 /* Pods-iOSClassCode.release.xcconfig */ = {isa = PBXFileReference; includeInIndex = 1; lastKnownFileType = text.xcconfig; name = "Pods-iOSClassCode.release.xcconfig"; path = "Pods/Target Support Files/Pods-iOSClassCode/Pods-iOSClassCode.release.xcconfig"; sourceTree = "<group>"; };
		94B4E862986432186BE38F19 /* Pods-iOSClassCode.debug.xcconfig */ = {isa = PBXFileReference; includeInIndex = 1; lastKnownFileType = text.xcconfig; name = "Pods-iOSClassCode.debug.xcconfig"; path = "Pods/Target Support Files/Pods-iOSClassCode/Pods-iOSClassCode.debug.xcconfig"; sourceTree = "<group>"; };
/* End PBXFileReference section */

/* Begin PBXFrameworksBuildPhase section */
		0FF956F922368D1600B43EC3 /* Frameworks */ = {
			isa = PBXFrameworksBuildPhase;
			buildActionMask = 2147483647;
			files = (
				68E782D5FB06B728D2216CB8 /* Pods_iOSClassCode.framework in Frameworks */,
			);
			runOnlyForDeploymentPostprocessing = 0;
		};
/* End PBXFrameworksBuildPhase section */

/* Begin PBXGroup section */
		0F105D532236D4C000F6FBF4 /* Models */ = {
			isa = PBXGroup;
			children = (
				0F105D542236D4E100F6FBF4 /* UsersDTO.swift */,
				0F105D562236D4FF00F6FBF4 /* InfoDTO.swift */,
				0F105D582236D50F00F6FBF4 /* UserDTO.swift */,
				0F105D5A2236D53A00F6FBF4 /* DobDTO.swift */,
				0F105D662236D5D900F6FBF4 /* NameDTO.swift */,
				0F105D682236D5EB00F6FBF4 /* PictureDTO.swift */,
				0FDE6BB8223AC26000B126FA /* CoordinatesDTO.swift */,
				0FDE6BBC223AC26100B126FA /* IdDTO.swift */,
				0FDE6BBB223AC26100B126FA /* LocationDTO.swift */,
				0FDE6BB9223AC26000B126FA /* LoginDTO.swift */,
				0FDE6BBA223AC26000B126FA /* TimezonDTO.swift */,
			);
			path = Models;
			sourceTree = "<group>";
		};
		0FDE6BB5223AB7F100B126FA /* Lotties */ = {
			isa = PBXGroup;
			children = (
				0FDE6BB6223AB7FA00B126FA /* loading_animation.json */,
			);
			path = Lotties;
			sourceTree = "<group>";
		};
		0FF956F322368D1600B43EC3 = {
			isa = PBXGroup;
			children = (
				0FF956FE22368D1600B43EC3 /* iOSClassCode */,
				0FF956FD22368D1600B43EC3 /* Products */,
				8D87B318D178ABB1BC290400 /* Pods */,
				DC1273C1CBC78141F4FF26A5 /* Frameworks */,
			);
			sourceTree = "<group>";
		};
		0FF956FD22368D1600B43EC3 /* Products */ = {
			isa = PBXGroup;
			children = (
				0FF956FC22368D1600B43EC3 /* iOSClassCode.app */,
			);
			name = Products;
			sourceTree = "<group>";
		};
		0FF956FE22368D1600B43EC3 /* iOSClassCode */ = {
			isa = PBXGroup;
			children = (
				0FF9571122368D2900B43EC3 /* App */,
				0FF9571322368F2700B43EC3 /* Data */,
				0FF9571222368F1E00B43EC3 /* Views */,
				0FF9570B22368D1700B43EC3 /* Info.plist */,
			);
			path = iOSClassCode;
			sourceTree = "<group>";
		};
		0FF9571122368D2900B43EC3 /* App */ = {
			isa = PBXGroup;
			children = (
				0FF9570622368D1700B43EC3 /* Assets.xcassets */,
				0FF956FF22368D1600B43EC3 /* AppDelegate.swift */,
			);
			path = App;
			sourceTree = "<group>";
		};
		0FF9571222368F1E00B43EC3 /* Views */ = {
			isa = PBXGroup;
			children = (
				0FF9571922368F6C00B43EC3 /* Storyboards */,
				0FF9571822368F5C00B43EC3 /* Controllers */,
				0FF9571722368F5800B43EC3 /* Cells */,
			);
			path = Views;
			sourceTree = "<group>";
		};
		0FF9571322368F2700B43EC3 /* Data */ = {
			isa = PBXGroup;
			children = (
				0FDE6BB5223AB7F100B126FA /* Lotties */,
				0FF9571622368F4C00B43EC3 /* Network */,
				0FF9571522368F4300B43EC3 /* Local */,
			);
			path = Data;
			sourceTree = "<group>";
		};
		0FF9571422368F2F00B43EC3 /* Models */ = {
			isa = PBXGroup;
			children = (
				0FF95731223690A300B43EC3 /* Mark.swift */,
				0FF9572F223690A300B43EC3 /* Student.swift */,
				0FF95730223690A300B43EC3 /* Subject.swift */,
				0FF95732223690A300B43EC3 /* Teacher.swift */,
			);
			path = Models;
			sourceTree = "<group>";
		};
		0FF9571522368F4300B43EC3 /* Local */ = {
			isa = PBXGroup;
			children = (
				0FF9572D2236909300B43EC3 /* SampleDataManager.swift */,
				0FF9571422368F2F00B43EC3 /* Models */,
			);
			path = Local;
			sourceTree = "<group>";
		};
		0FF9571622368F4C00B43EC3 /* Network */ = {
			isa = PBXGroup;
			children = (
				0F105D532236D4C000F6FBF4 /* Models */,
				0F105D512236B84C00F6FBF4 /* ApiManager.swift */,
			);
			path = Network;
			sourceTree = "<group>";
		};
		0FF9571722368F5800B43EC3 /* Cells */ = {
			isa = PBXGroup;
			children = (
				0FF957272236906D00B43EC3 /* MarkTableViewCell.swift */,
				0FF957282236906D00B43EC3 /* StudentTableViewCell.swift */,
				0FF957262236906D00B43EC3 /* SubjectTableViewCell.swift */,
				0FF957252236906D00B43EC3 /* TeacherTableViewCell.swift */,
				0FDE6BB3223AAA4D00B126FA /* UsersTableViewCell.swift */,
			);
			path = Cells;
			sourceTree = "<group>";
		};
		0FF9571822368F5C00B43EC3 /* Controllers */ = {
			isa = PBXGroup;
			children = (
				0FF9571D22368FD400B43EC3 /* MarksViewController.swift */,
				0FF9571B22368FD400B43EC3 /* StudentsViewController.swift */,
				0FF9571C22368FD400B43EC3 /* SubjectViewController.swift */,
				0FF9571A22368FD400B43EC3 /* TeachersViewController.swift */,
				0FC3285922396FF2009E3700 /* UsersViewController.swift */,
				0FDE6BC4223AD0DD00B126FA /* UserDetailViewController.swift */,
			);
			path = Controllers;
			sourceTree = "<group>";
		};
		0FF9571922368F6C00B43EC3 /* Storyboards */ = {
			isa = PBXGroup;
			children = (
				0FF9570822368D1700B43EC3 /* LaunchScreen.storyboard */,
				0FF957222236903F00B43EC3 /* Main.storyboard */,
			);
			path = Storyboards;
			sourceTree = "<group>";
		};
		8D87B318D178ABB1BC290400 /* Pods */ = {
			isa = PBXGroup;
			children = (
				94B4E862986432186BE38F19 /* Pods-iOSClassCode.debug.xcconfig */,
				6E55AC694210B966B7FB7953 /* Pods-iOSClassCode.release.xcconfig */,
			);
			name = Pods;
			sourceTree = "<group>";
		};
		DC1273C1CBC78141F4FF26A5 /* Frameworks */ = {
			isa = PBXGroup;
			children = (
				51C20D96E429948661BDE403 /* Pods_iOSClassCode.framework */,
			);
			name = Frameworks;
			sourceTree = "<group>";
		};
/* End PBXGroup section */

/* Begin PBXNativeTarget section */
		0FF956FB22368D1600B43EC3 /* iOSClassCode */ = {
			isa = PBXNativeTarget;
			buildConfigurationList = 0FF9570E22368D1700B43EC3 /* Build configuration list for PBXNativeTarget "iOSClassCode" */;
			buildPhases = (
				9A224ED561EF923D340BA24F /* [CP] Check Pods Manifest.lock */,
				0FF956F822368D1600B43EC3 /* Sources */,
				0FF956F922368D1600B43EC3 /* Frameworks */,
				0FF956FA22368D1600B43EC3 /* Resources */,
				3211EC8799D759731B60211E /* [CP] Embed Pods Frameworks */,
			);
			buildRules = (
			);
			dependencies = (
			);
			name = iOSClassCode;
			productName = iOSClassCode;
			productReference = 0FF956FC22368D1600B43EC3 /* iOSClassCode.app */;
			productType = "com.apple.product-type.application";
		};
/* End PBXNativeTarget section */

/* Begin PBXProject section */
		0FF956F422368D1600B43EC3 /* Project object */ = {
			isa = PBXProject;
			attributes = {
				LastSwiftUpdateCheck = 1010;
				LastUpgradeCheck = 1010;
				ORGANIZATIONNAME = "David Jardon";
				TargetAttributes = {
					0FF956FB22368D1600B43EC3 = {
						CreatedOnToolsVersion = 10.1;
					};
				};
			};
			buildConfigurationList = 0FF956F722368D1600B43EC3 /* Build configuration list for PBXProject "iOSClassCode" */;
			compatibilityVersion = "Xcode 9.3";
			developmentRegion = en;
			hasScannedForEncodings = 0;
			knownRegions = (
				en,
				Base,
			);
			mainGroup = 0FF956F322368D1600B43EC3;
			productRefGroup = 0FF956FD22368D1600B43EC3 /* Products */;
			projectDirPath = "";
			projectRoot = "";
			targets = (
				0FF956FB22368D1600B43EC3 /* iOSClassCode */,
			);
		};
/* End PBXProject section */

/* Begin PBXResourcesBuildPhase section */
		0FF956FA22368D1600B43EC3 /* Resources */ = {
			isa = PBXResourcesBuildPhase;
			buildActionMask = 2147483647;
			files = (
				0FF957242236903F00B43EC3 /* Main.storyboard in Resources */,
				0FF9570A22368D1700B43EC3 /* LaunchScreen.storyboard in Resources */,
				0FF9570722368D1700B43EC3 /* Assets.xcassets in Resources */,
				0FDE6BB7223AB7FA00B126FA /* loading_animation.json in Resources */,
			);
			runOnlyForDeploymentPostprocessing = 0;
		};
/* End PBXResourcesBuildPhase section */

/* Begin PBXShellScriptBuildPhase section */
		3211EC8799D759731B60211E /* [CP] Embed Pods Frameworks */ = {
			isa = PBXShellScriptBuildPhase;
			buildActionMask = 2147483647;
			files = (
			);
			inputFileListPaths = (
			);
			inputPaths = (
				"${SRCROOT}/Pods/Target Support Files/Pods-iOSClassCode/Pods-iOSClassCode-frameworks.sh",
				"${BUILT_PRODUCTS_DIR}/Alamofire/Alamofire.framework",
				"${BUILT_PRODUCTS_DIR}/Kingfisher/Kingfisher.framework",
				"${BUILT_PRODUCTS_DIR}/Realm/Realm.framework",
				"${BUILT_PRODUCTS_DIR}/RealmSwift/RealmSwift.framework",
				"${BUILT_PRODUCTS_DIR}/lottie-ios/Lottie.framework",
			);
			name = "[CP] Embed Pods Frameworks";
			outputFileListPaths = (
			);
			outputPaths = (
				"${TARGET_BUILD_DIR}/${FRAMEWORKS_FOLDER_PATH}/Alamofire.framework",
				"${TARGET_BUILD_DIR}/${FRAMEWORKS_FOLDER_PATH}/Kingfisher.framework",
				"${TARGET_BUILD_DIR}/${FRAMEWORKS_FOLDER_PATH}/Realm.framework",
				"${TARGET_BUILD_DIR}/${FRAMEWORKS_FOLDER_PATH}/RealmSwift.framework",
				"${TARGET_BUILD_DIR}/${FRAMEWORKS_FOLDER_PATH}/Lottie.framework",
			);
			runOnlyForDeploymentPostprocessing = 0;
			shellPath = /bin/sh;
			shellScript = "\"${SRCROOT}/Pods/Target Support Files/Pods-iOSClassCode/Pods-iOSClassCode-frameworks.sh\"\n";
			showEnvVarsInLog = 0;
		};
		9A224ED561EF923D340BA24F /* [CP] Check Pods Manifest.lock */ = {
			isa = PBXShellScriptBuildPhase;
			buildActionMask = 2147483647;
			files = (
			);
			inputFileListPaths = (
			);
			inputPaths = (
				"${PODS_PODFILE_DIR_PATH}/Podfile.lock",
				"${PODS_ROOT}/Manifest.lock",
			);
			name = "[CP] Check Pods Manifest.lock";
			outputFileListPaths = (
			);
			outputPaths = (
				"$(DERIVED_FILE_DIR)/Pods-iOSClassCode-checkManifestLockResult.txt",
			);
			runOnlyForDeploymentPostprocessing = 0;
			shellPath = /bin/sh;
			shellScript = "diff \"${PODS_PODFILE_DIR_PATH}/Podfile.lock\" \"${PODS_ROOT}/Manifest.lock\" > /dev/null\nif [ $? != 0 ] ; then\n    # print error to STDERR\n    echo \"error: The sandbox is not in sync with the Podfile.lock. Run 'pod install' or update your CocoaPods installation.\" >&2\n    exit 1\nfi\n# This output is used by Xcode 'outputs' to avoid re-running this script phase.\necho \"SUCCESS\" > \"${SCRIPT_OUTPUT_FILE_0}\"\n";
			showEnvVarsInLog = 0;
		};
/* End PBXShellScriptBuildPhase section */

/* Begin PBXSourcesBuildPhase section */
		0FF956F822368D1600B43EC3 /* Sources */ = {
			isa = PBXSourcesBuildPhase;
			buildActionMask = 2147483647;
			files = (
				0FF9572B2236906D00B43EC3 /* MarkTableViewCell.swift in Sources */,
				0FF9571F22368FD400B43EC3 /* StudentsViewController.swift in Sources */,
				0F105D572236D4FF00F6FBF4 /* InfoDTO.swift in Sources */,
				0F105D552236D4E100F6FBF4 /* UsersDTO.swift in Sources */,
				0F105D672236D5D900F6FBF4 /* NameDTO.swift in Sources */,
				0FF9572022368FD400B43EC3 /* SubjectViewController.swift in Sources */,
				0FF95733223690A300B43EC3 /* Student.swift in Sources */,
				0FF95734223690A300B43EC3 /* Subject.swift in Sources */,
				0FF9572E2236909300B43EC3 /* SampleDataManager.swift in Sources */,
				0FDE6BC0223AC26100B126FA /* LocationDTO.swift in Sources */,
				0FDE6BBD223AC26100B126FA /* CoordinatesDTO.swift in Sources */,
				0FF9570022368D1600B43EC3 /* AppDelegate.swift in Sources */,
				0F105D522236B84C00F6FBF4 /* ApiManager.swift in Sources */,
				0FDE6BBF223AC26100B126FA /* TimezonDTO.swift in Sources */,
				0FDE6BC5223AD0DD00B126FA /* UserDetailViewController.swift in Sources */,
				0FF9572A2236906D00B43EC3 /* SubjectTableViewCell.swift in Sources */,
				0FC3285A22396FF2009E3700 /* UsersViewController.swift in Sources */,
				0FF9572C2236906D00B43EC3 /* StudentTableViewCell.swift in Sources */,
				0FF9571E22368FD400B43EC3 /* TeachersViewController.swift in Sources */,
				0F105D5B2236D53A00F6FBF4 /* DobDTO.swift in Sources */,
				0FF957292236906D00B43EC3 /* TeacherTableViewCell.swift in Sources */,
				0FDE6BBE223AC26100B126FA /* LoginDTO.swift in Sources */,
				0F105D592236D50F00F6FBF4 /* UserDTO.swift in Sources */,
				0FDE6BC1223AC26100B126FA /* IdDTO.swift in Sources */,
				0FF95735223690A300B43EC3 /* Mark.swift in Sources */,
				0F105D692236D5EB00F6FBF4 /* PictureDTO.swift in Sources */,
				0FDE6BB4223AAA4D00B126FA /* UsersTableViewCell.swift in Sources */,
				0FF95736223690A300B43EC3 /* Teacher.swift in Sources */,
				0FF9572122368FD400B43EC3 /* MarksViewController.swift in Sources */,
			);
			runOnlyForDeploymentPostprocessing = 0;
		};
/* End PBXSourcesBuildPhase section */

/* Begin PBXVariantGroup section */
		0FF9570822368D1700B43EC3 /* LaunchScreen.storyboard */ = {
			isa = PBXVariantGroup;
			children = (
				0FF9570922368D1700B43EC3 /* Base */,
			);
			name = LaunchScreen.storyboard;
			sourceTree = "<group>";
		};
		0FF957222236903F00B43EC3 /* Main.storyboard */ = {
			isa = PBXVariantGroup;
			children = (
				0FF957232236903F00B43EC3 /* Base */,
			);
			name = Main.storyboard;
			sourceTree = "<group>";
		};
/* End PBXVariantGroup section */

/* Begin XCBuildConfiguration section */
		0FF9570C22368D1700B43EC3 /* Debug */ = {
			isa = XCBuildConfiguration;
			buildSettings = {
				ALWAYS_SEARCH_USER_PATHS = NO;
				CLANG_ANALYZER_NONNULL = YES;
				CLANG_ANALYZER_NUMBER_OBJECT_CONVERSION = YES_AGGRESSIVE;
				CLANG_CXX_LANGUAGE_STANDARD = "gnu++14";
				CLANG_CXX_LIBRARY = "libc++";
				CLANG_ENABLE_MODULES = YES;
				CLANG_ENABLE_OBJC_ARC = YES;
				CLANG_ENABLE_OBJC_WEAK = YES;
				CLANG_WARN_BLOCK_CAPTURE_AUTORELEASING = YES;
				CLANG_WARN_BOOL_CONVERSION = YES;
				CLANG_WARN_COMMA = YES;
				CLANG_WARN_CONSTANT_CONVERSION = YES;
				CLANG_WARN_DEPRECATED_OBJC_IMPLEMENTATIONS = YES;
				CLANG_WARN_DIRECT_OBJC_ISA_USAGE = YES_ERROR;
				CLANG_WARN_DOCUMENTATION_COMMENTS = YES;
				CLANG_WARN_EMPTY_BODY = YES;
				CLANG_WARN_ENUM_CONVERSION = YES;
				CLANG_WARN_INFINITE_RECURSION = YES;
				CLANG_WARN_INT_CONVERSION = YES;
				CLANG_WARN_NON_LITERAL_NULL_CONVERSION = YES;
				CLANG_WARN_OBJC_IMPLICIT_RETAIN_SELF = YES;
				CLANG_WARN_OBJC_LITERAL_CONVERSION = YES;
				CLANG_WARN_OBJC_ROOT_CLASS = YES_ERROR;
				CLANG_WARN_RANGE_LOOP_ANALYSIS = YES;
				CLANG_WARN_STRICT_PROTOTYPES = YES;
				CLANG_WARN_SUSPICIOUS_MOVE = YES;
				CLANG_WARN_UNGUARDED_AVAILABILITY = YES_AGGRESSIVE;
				CLANG_WARN_UNREACHABLE_CODE = YES;
				CLANG_WARN__DUPLICATE_METHOD_MATCH = YES;
				CODE_SIGN_IDENTITY = "iPhone Developer";
				COPY_PHASE_STRIP = NO;
				DEBUG_INFORMATION_FORMAT = dwarf;
				ENABLE_STRICT_OBJC_MSGSEND = YES;
				ENABLE_TESTABILITY = YES;
				GCC_C_LANGUAGE_STANDARD = gnu11;
				GCC_DYNAMIC_NO_PIC = NO;
				GCC_NO_COMMON_BLOCKS = YES;
				GCC_OPTIMIZATION_LEVEL = 0;
				GCC_PREPROCESSOR_DEFINITIONS = (
					"DEBUG=1",
					"$(inherited)",
				);
				GCC_WARN_64_TO_32_BIT_CONVERSION = YES;
				GCC_WARN_ABOUT_RETURN_TYPE = YES_ERROR;
				GCC_WARN_UNDECLARED_SELECTOR = YES;
				GCC_WARN_UNINITIALIZED_AUTOS = YES_AGGRESSIVE;
				GCC_WARN_UNUSED_FUNCTION = YES;
				GCC_WARN_UNUSED_VARIABLE = YES;
				IPHONEOS_DEPLOYMENT_TARGET = 12.1;
				MTL_ENABLE_DEBUG_INFO = INCLUDE_SOURCE;
				MTL_FAST_MATH = YES;
				ONLY_ACTIVE_ARCH = YES;
				SDKROOT = iphoneos;
				SWIFT_ACTIVE_COMPILATION_CONDITIONS = DEBUG;
				SWIFT_OPTIMIZATION_LEVEL = "-Onone";
			};
			name = Debug;
		};
		0FF9570D22368D1700B43EC3 /* Release */ = {
			isa = XCBuildConfiguration;
			buildSettings = {
				ALWAYS_SEARCH_USER_PATHS = NO;
				CLANG_ANALYZER_NONNULL = YES;
				CLANG_ANALYZER_NUMBER_OBJECT_CONVERSION = YES_AGGRESSIVE;
				CLANG_CXX_LANGUAGE_STANDARD = "gnu++14";
				CLANG_CXX_LIBRARY = "libc++";
				CLANG_ENABLE_MODULES = YES;
				CLANG_ENABLE_OBJC_ARC = YES;
				CLANG_ENABLE_OBJC_WEAK = YES;
				CLANG_WARN_BLOCK_CAPTURE_AUTORELEASING = YES;
				CLANG_WARN_BOOL_CONVERSION = YES;
				CLANG_WARN_COMMA = YES;
				CLANG_WARN_CONSTANT_CONVERSION = YES;
				CLANG_WARN_DEPRECATED_OBJC_IMPLEMENTATIONS = YES;
				CLANG_WARN_DIRECT_OBJC_ISA_USAGE = YES_ERROR;
				CLANG_WARN_DOCUMENTATION_COMMENTS = YES;
				CLANG_WARN_EMPTY_BODY = YES;
				CLANG_WARN_ENUM_CONVERSION = YES;
				CLANG_WARN_INFINITE_RECURSION = YES;
				CLANG_WARN_INT_CONVERSION = YES;
				CLANG_WARN_NON_LITERAL_NULL_CONVERSION = YES;
				CLANG_WARN_OBJC_IMPLICIT_RETAIN_SELF = YES;
				CLANG_WARN_OBJC_LITERAL_CONVERSION = YES;
				CLANG_WARN_OBJC_ROOT_CLASS = YES_ERROR;
				CLANG_WARN_RANGE_LOOP_ANALYSIS = YES;
				CLANG_WARN_STRICT_PROTOTYPES = YES;
				CLANG_WARN_SUSPICIOUS_MOVE = YES;
				CLANG_WARN_UNGUARDED_AVAILABILITY = YES_AGGRESSIVE;
				CLANG_WARN_UNREACHABLE_CODE = YES;
				CLANG_WARN__DUPLICATE_METHOD_MATCH = YES;
				CODE_SIGN_IDENTITY = "iPhone Developer";
				COPY_PHASE_STRIP = NO;
				DEBUG_INFORMATION_FORMAT = "dwarf-with-dsym";
				ENABLE_NS_ASSERTIONS = NO;
				ENABLE_STRICT_OBJC_MSGSEND = YES;
				GCC_C_LANGUAGE_STANDARD = gnu11;
				GCC_NO_COMMON_BLOCKS = YES;
				GCC_WARN_64_TO_32_BIT_CONVERSION = YES;
				GCC_WARN_ABOUT_RETURN_TYPE = YES_ERROR;
				GCC_WARN_UNDECLARED_SELECTOR = YES;
				GCC_WARN_UNINITIALIZED_AUTOS = YES_AGGRESSIVE;
				GCC_WARN_UNUSED_FUNCTION = YES;
				GCC_WARN_UNUSED_VARIABLE = YES;
				IPHONEOS_DEPLOYMENT_TARGET = 12.1;
				MTL_ENABLE_DEBUG_INFO = NO;
				MTL_FAST_MATH = YES;
				SDKROOT = iphoneos;
				SWIFT_COMPILATION_MODE = wholemodule;
				SWIFT_OPTIMIZATION_LEVEL = "-O";
				VALIDATE_PRODUCT = YES;
			};
			name = Release;
		};
		0FF9570F22368D1700B43EC3 /* Debug */ = {
			isa = XCBuildConfiguration;
			baseConfigurationReference = 94B4E862986432186BE38F19 /* Pods-iOSClassCode.debug.xcconfig */;
			buildSettings = {
				ASSETCATALOG_COMPILER_APPICON_NAME = AppIcon;
				CODE_SIGN_STYLE = Manual;
				DEVELOPMENT_TEAM = "";
				INFOPLIST_FILE = iOSClassCode/Info.plist;
				LD_RUNPATH_SEARCH_PATHS = (
					"$(inherited)",
					"@executable_path/Frameworks",
				);
				PRODUCT_BUNDLE_IDENTIFIER = com.dj.iOSClassCode;
				PRODUCT_NAME = "$(TARGET_NAME)";
				PROVISIONING_PROFILE_SPECIFIER = "";
				SWIFT_VERSION = 4.2;
				TARGETED_DEVICE_FAMILY = "1,2";
			};
			name = Debug;
		};
		0FF9571022368D1700B43EC3 /* Release */ = {
			isa = XCBuildConfiguration;
			baseConfigurationReference = 6E55AC694210B966B7FB7953 /* Pods-iOSClassCode.release.xcconfig */;
			buildSettings = {
				ASSETCATALOG_COMPILER_APPICON_NAME = AppIcon;
				CODE_SIGN_STYLE = Manual;
				DEVELOPMENT_TEAM = "";
				INFOPLIST_FILE = iOSClassCode/Info.plist;
				LD_RUNPATH_SEARCH_PATHS = (
					"$(inherited)",
					"@executable_path/Frameworks",
				);
				PRODUCT_BUNDLE_IDENTIFIER = com.dj.iOSClassCode;
				PRODUCT_NAME = "$(TARGET_NAME)";
				PROVISIONING_PROFILE_SPECIFIER = "";
				SWIFT_VERSION = 4.2;
				TARGETED_DEVICE_FAMILY = "1,2";
			};
			name = Release;
		};
/* End XCBuildConfiguration section */

/* Begin XCConfigurationList section */
		0FF956F722368D1600B43EC3 /* Build configuration list for PBXProject "iOSClassCode" */ = {
			isa = XCConfigurationList;
			buildConfigurations = (
				0FF9570C22368D1700B43EC3 /* Debug */,
				0FF9570D22368D1700B43EC3 /* Release */,
			);
			defaultConfigurationIsVisible = 0;
			defaultConfigurationName = Release;
		};
		0FF9570E22368D1700B43EC3 /* Build configuration list for PBXNativeTarget "iOSClassCode" */ = {
			isa = XCConfigurationList;
			buildConfigurations = (
				0FF9570F22368D1700B43EC3 /* Debug */,
				0FF9571022368D1700B43EC3 /* Release */,
			);
			defaultConfigurationIsVisible = 0;
			defaultConfigurationName = Release;
		};
/* End XCConfigurationList section */
	};
	rootObject = 0FF956F422368D1600B43EC3 /* Project object */;
}
